<?xml version="1.0" encoding="utf-8"?>
<Project ToolsVersion="4.0" xmlns="http://schemas.microsoft.com/developer/msbuild/2003">
  <ItemGroup>
    <Filter Include="Resource Files">
      <UniqueIdentifier>{67DA6AB6-F800-4c08-8B7A-83BB121AAD01}</UniqueIdentifier>
      <Extensions>rc;ico;cur;bmp;dlg;rc2;rct;bin;rgs;gif;jpg;jpeg;jpe;resx;tiff;tif;png;wav;mfcribbon-ms</Extensions>
    </Filter>
    <Filter Include="/3rdparty libraries %28x64 only%29">
      <UniqueIdentifier>{4e473da7-1b71-4c8f-b300-425b23758716}</UniqueIdentifier>
    </Filter>
    <Filter Include="/Shadertoy backups">
      <UniqueIdentifier>{dd5dd3a2-cb56-4ef2-adb4-7d7afb94948b}</UniqueIdentifier>
    </Filter>
    <Filter Include="Notes">
      <UniqueIdentifier>{3ca40e3e-e6f0-49b2-aa8b-fb678e458810}</UniqueIdentifier>
    </Filter>
    <Filter Include="/code">
      <UniqueIdentifier>{4FC737F1-C7A5-4376-A066-2A32D752A2FF}</UniqueIdentifier>
      <Extensions>cpp;c;cc;cxx;def;odl;idl;hpj;bat;asm;asmx</Extensions>
    </Filter>
    <Filter Include="/code\/shaders">
      <UniqueIdentifier>{b762f857-eb78-4225-a9cf-e55e0674a928}</UniqueIdentifier>
    </Filter>
  </ItemGroup>
  <ItemGroup>
    <ClCompile Include="..\code\main.cpp">
      <Filter>/code</Filter>
    </ClCompile>
    <ClCompile Include="..\code\glsl_loader.cpp">
      <Filter>/code</Filter>
    </ClCompile>
    <ClCompile Include="..\code\shader.cpp">
      <Filter>/code</Filter>
    </ClCompile>
  </ItemGroup>
  <ItemGroup>
    <Library Include="..\3rdparty\SDL2-devel-2.0.10-VC\SDL2-2.0.10\lib\x64\SDL2.lib">
      <Filter>/3rdparty libraries %28x64 only%29</Filter>
    </Library>
    <Library Include="..\3rdparty\glew-2.1.0-win32\glew-2.1.0\lib\Release\x64\glew32.lib">
      <Filter>/3rdparty libraries %28x64 only%29</Filter>
    </Library>
  </ItemGroup>
  <ItemGroup>
    <None Include="..\.gitignore" />
    <None Include="..\Shadertoy shader backups\TPB-07-Melting-cubes-buffer-A.shadertoy">
      <Filter>/Shadertoy backups</Filter>
    </None>
    <None Include="..\Shadertoy shader backups\TPB-07-Radial-blur.shadertoy">
      <Filter>/Shadertoy backups</Filter>
    </None>
    <None Include="..\Shadertoy shader backups\TPB-07-Trevor.shadertoy">
      <Filter>/Shadertoy backups</Filter>
    </None>
    <None Include="..\Shadertoy shader backups\TPB-07-Trevor-cubemap.shadertoy">
      <Filter>/Shadertoy backups</Filter>
    </None>
    <None Include="..\Shadertoy shader backups\TPB-Metaballs-buffer-A.shadertoy">
      <Filter>/Shadertoy backups</Filter>
    </None>
    <None Include="..\LICENSE">
      <Filter>Notes</Filter>
    </None>
    <None Include="..\README.md">
      <Filter>Notes</Filter>
    </None>
    <None Include="..\Shadertoy shader backups\TPB-07-Trevor-common.shadertoy">
      <Filter>/Shadertoy backups</Filter>
    </None>
    <None Include="..\Shadertoy shader backups\TPB-07-Trevor-buffer-A.shadertoy">
      <Filter>/Shadertoy backups</Filter>
    </None>
    <None Include="..\Shadertoy shader backups\TPB-07-backup.shadertoy">
      <Filter>/Shadertoy backups</Filter>
    </None>
    <None Include="..\Shadertoy shader backups\TPB-07-backup-buffer-A.shadertoy">
      <Filter>/Shadertoy backups</Filter>
    </None>
    <None Include="..\Shadertoy shader backups\TPB-07-backup-buffer-B.shadertoy">
      <Filter>/Shadertoy backups</Filter>
    </None>
    <None Include="..\Shadertoy shader backups\TPB-07-backup-buffer-C.shadertoy">
      <Filter>/Shadertoy backups</Filter>
    </None>
  </ItemGroup>
  <ItemGroup>
    <Text Include="..\Timeline.txt">
      <Filter>Notes</Filter>
    </Text>
    <Text Include="..\to-do.txt">
      <Filter>Notes</Filter>
    </Text>
  </ItemGroup>
  <ItemGroup>
    <ClInclude Include="..\code\glsl_loader.h">
      <Filter>/code</Filter>
    </ClInclude>
    <ClInclude Include="..\code\shader.h">
      <Filter>/code</Filter>
    </ClInclude>
    <ClInclude Include="..\code\main_header.h">
      <Filter>/code</Filter>
    </ClInclude>
  </ItemGroup>
</Project>